// !$*UTF8*$!
{
	archiveVersion = 1;
	classes = {
	};
	objectVersion = 46;
	objects = {

/* Begin PBXBuildFile section */
		613C3C271BC6FFE700C0F4EA /* AppDelegate.swift in Sources */ = {isa = PBXBuildFile; fileRef = 613C3C261BC6FFE700C0F4EA /* AppDelegate.swift */; };
		613C3C291BC6FFE700C0F4EA /* ViewController.swift in Sources */ = {isa = PBXBuildFile; fileRef = 613C3C281BC6FFE700C0F4EA /* ViewController.swift */; };
		613C3C2C1BC6FFE700C0F4EA /* Main.storyboard in Resources */ = {isa = PBXBuildFile; fileRef = 613C3C2A1BC6FFE700C0F4EA /* Main.storyboard */; };
		613C3C2E1BC6FFE700C0F4EA /* Assets.xcassets in Resources */ = {isa = PBXBuildFile; fileRef = 613C3C2D1BC6FFE700C0F4EA /* Assets.xcassets */; };
		613C3C311BC6FFE700C0F4EA /* LaunchScreen.storyboard in Resources */ = {isa = PBXBuildFile; fileRef = 613C3C2F1BC6FFE700C0F4EA /* LaunchScreen.storyboard */; };
		61F3B1721BC756BE009CA590 /* APIClient.swift in Sources */ = {isa = PBXBuildFile; fileRef = 61F3B1711BC756BE009CA590 /* APIClient.swift */; settings = {ASSET_TAGS = (); }; };
		61F3B1741BC76007009CA590 /* RACViewController.swift in Sources */ = {isa = PBXBuildFile; fileRef = 61F3B1731BC76007009CA590 /* RACViewController.swift */; settings = {ASSET_TAGS = (); }; };
		61F3B1761BC791D4009CA590 /* UIKit+ReactiveExtensions.swift in Sources */ = {isa = PBXBuildFile; fileRef = 61F3B1751BC791D4009CA590 /* UIKit+ReactiveExtensions.swift */; settings = {ASSET_TAGS = (); }; };
		F5F944037BD56DA695A01A97 /* Pods.framework in Frameworks */ = {isa = PBXBuildFile; fileRef = FDD1586E55A2BBFA93B2FCB3 /* Pods.framework */; settings = {ATTRIBUTES = (Weak, ); }; };
/* End PBXBuildFile section */

/* Begin PBXFileReference section */
		0EB7F41E7ABD32DEBD915D21 /* Pods.release.xcconfig */ = {isa = PBXFileReference; includeInIndex = 1; lastKnownFileType = text.xcconfig; name = Pods.release.xcconfig; path = "Pods/Target Support Files/Pods/Pods.release.xcconfig"; sourceTree = "<group>"; };
		613C3C231BC6FFE700C0F4EA /* RACSignUp.app */ = {isa = PBXFileReference; explicitFileType = wrapper.application; includeInIndex = 0; path = RACSignUp.app; sourceTree = BUILT_PRODUCTS_DIR; };
		613C3C261BC6FFE700C0F4EA /* AppDelegate.swift */ = {isa = PBXFileReference; lastKnownFileType = sourcecode.swift; path = AppDelegate.swift; sourceTree = "<group>"; };
		613C3C281BC6FFE700C0F4EA /* ViewController.swift */ = {isa = PBXFileReference; lastKnownFileType = sourcecode.swift; path = ViewController.swift; sourceTree = "<group>"; };
		613C3C2B1BC6FFE700C0F4EA /* Base */ = {isa = PBXFileReference; lastKnownFileType = file.storyboard; name = Base; path = Base.lproj/Main.storyboard; sourceTree = "<group>"; };
		613C3C2D1BC6FFE700C0F4EA /* Assets.xcassets */ = {isa = PBXFileReference; lastKnownFileType = folder.assetcatalog; path = Assets.xcassets; sourceTree = "<group>"; };
		613C3C301BC6FFE700C0F4EA /* Base */ = {isa = PBXFileReference; lastKnownFileType = file.storyboard; name = Base; path = Base.lproj/LaunchScreen.storyboard; sourceTree = "<group>"; };
		613C3C321BC6FFE700C0F4EA /* Info.plist */ = {isa = PBXFileReference; lastKnownFileType = text.plist.xml; path = Info.plist; sourceTree = "<group>"; };
		61F3B1711BC756BE009CA590 /* APIClient.swift */ = {isa = PBXFileReference; fileEncoding = 4; lastKnownFileType = sourcecode.swift; path = APIClient.swift; sourceTree = "<group>"; };
		61F3B1731BC76007009CA590 /* RACViewController.swift */ = {isa = PBXFileReference; fileEncoding = 4; lastKnownFileType = sourcecode.swift; path = RACViewController.swift; sourceTree = "<group>"; };
		61F3B1751BC791D4009CA590 /* UIKit+ReactiveExtensions.swift */ = {isa = PBXFileReference; fileEncoding = 4; lastKnownFileType = sourcecode.swift; path = "UIKit+ReactiveExtensions.swift"; sourceTree = "<group>"; };
		BBB40231D7CF3C14527B3465 /* Pods.debug.xcconfig */ = {isa = PBXFileReference; includeInIndex = 1; lastKnownFileType = text.xcconfig; name = Pods.debug.xcconfig; path = "Pods/Target Support Files/Pods/Pods.debug.xcconfig"; sourceTree = "<group>"; };
		FDD1586E55A2BBFA93B2FCB3 /* Pods.framework */ = {isa = PBXFileReference; explicitFileType = wrapper.framework; includeInIndex = 0; path = Pods.framework; sourceTree = BUILT_PRODUCTS_DIR; };
/* End PBXFileReference section */

/* Begin PBXFrameworksBuildPhase section */
		613C3C201BC6FFE700C0F4EA /* Frameworks */ = {
			isa = PBXFrameworksBuildPhase;
			buildActionMask = 2147483647;
			files = (
				F5F944037BD56DA695A01A97 /* Pods.framework in Frameworks */,
			);
			runOnlyForDeploymentPostprocessing = 0;
		};
/* End PBXFrameworksBuildPhase section */

/* Begin PBXGroup section */
		613C3C1A1BC6FFE700C0F4EA = {
			isa = PBXGroup;
			children = (
				613C3C251BC6FFE700C0F4EA /* RACSignUp */,
				613C3C241BC6FFE700C0F4EA /* Products */,
				EDB965A063F6B8F8F45179B4 /* Pods */,
				94839F613C5ACD8D29857576 /* Frameworks */,
			);
			sourceTree = "<group>";
		};
		613C3C241BC6FFE700C0F4EA /* Products */ = {
			isa = PBXGroup;
			children = (
				613C3C231BC6FFE700C0F4EA /* RACSignUp.app */,
			);
			name = Products;
			sourceTree = "<group>";
		};
		613C3C251BC6FFE700C0F4EA /* RACSignUp */ = {
			isa = PBXGroup;
			children = (
				613C3C261BC6FFE700C0F4EA /* AppDelegate.swift */,
				613C3C281BC6FFE700C0F4EA /* ViewController.swift */,
				613C3C2A1BC6FFE700C0F4EA /* Main.storyboard */,
				613C3C2D1BC6FFE700C0F4EA /* Assets.xcassets */,
				613C3C2F1BC6FFE700C0F4EA /* LaunchScreen.storyboard */,
				613C3C321BC6FFE700C0F4EA /* Info.plist */,
				61F3B1711BC756BE009CA590 /* APIClient.swift */,
				61F3B1731BC76007009CA590 /* RACViewController.swift */,
				61F3B1751BC791D4009CA590 /* UIKit+ReactiveExtensions.swift */,
			);
			path = RACSignUp;
			sourceTree = "<group>";
		};
		94839F613C5ACD8D29857576 /* Frameworks */ = {
			isa = PBXGroup;
			children = (
				FDD1586E55A2BBFA93B2FCB3 /* Pods.framework */,
			);
			name = Frameworks;
			sourceTree = "<group>";
		};
		EDB965A063F6B8F8F45179B4 /* Pods */ = {
			isa = PBXGroup;
			children = (
				BBB40231D7CF3C14527B3465 /* Pods.debug.xcconfig */,
				0EB7F41E7ABD32DEBD915D21 /* Pods.release.xcconfig */,
			);
			name = Pods;
			sourceTree = "<group>";
		};
/* End PBXGroup section */

/* Begin PBXNativeTarget section */
		613C3C221BC6FFE700C0F4EA /* RACSignUp */ = {
			isa = PBXNativeTarget;
			buildConfigurationList = 613C3C351BC6FFE700C0F4EA /* Build configuration list for PBXNativeTarget "RACSignUp" */;
			buildPhases = (
				98672905954E15F63B2E66FA /* Check Pods Manifest.lock */,
				613C3C1F1BC6FFE700C0F4EA /* Sources */,
				613C3C201BC6FFE700C0F4EA /* Frameworks */,
				613C3C211BC6FFE700C0F4EA /* Resources */,
				0BB7995A696D5596685CF6DF /* Embed Pods Frameworks */,
				1E648E7FA4C4E8A316D901AA /* Copy Pods Resources */,
			);
			buildRules = (
			);
			dependencies = (
			);
			name = RACSignUp;
			productName = RACSignUp;
			productReference = 613C3C231BC6FFE700C0F4EA /* RACSignUp.app */;
			productType = "com.apple.product-type.application";
		};
/* End PBXNativeTarget section */

/* Begin PBXProject section */
		613C3C1B1BC6FFE700C0F4EA /* Project object */ = {
			isa = PBXProject;
			attributes = {
				LastUpgradeCheck = 0700;
				ORGANIZATIONNAME = "Pendar Labs";
				TargetAttributes = {
					613C3C221BC6FFE700C0F4EA = {
						CreatedOnToolsVersion = 7.0.1;
					};
				};
			};
			buildConfigurationList = 613C3C1E1BC6FFE700C0F4EA /* Build configuration list for PBXProject "RACSignUp" */;
			compatibilityVersion = "Xcode 3.2";
			developmentRegion = English;
			hasScannedForEncodings = 0;
			knownRegions = (
				en,
				Base,
			);
			mainGroup = 613C3C1A1BC6FFE700C0F4EA;
			productRefGroup = 613C3C241BC6FFE700C0F4EA /* Products */;
			projectDirPath = "";
			projectRoot = "";
			targets = (
				613C3C221BC6FFE700C0F4EA /* RACSignUp */,
			);
		};
/* End PBXProject section */

/* Begin PBXResourcesBuildPhase section */
		613C3C211BC6FFE700C0F4EA /* Resources */ = {
			isa = PBXResourcesBuildPhase;
			buildActionMask = 2147483647;
			files = (
				613C3C311BC6FFE700C0F4EA /* LaunchScreen.storyboard in Resources */,
				613C3C2E1BC6FFE700C0F4EA /* Assets.xcassets in Resources */,
				613C3C2C1BC6FFE700C0F4EA /* Main.storyboard in Resources */,
			);
			runOnlyForDeploymentPostprocessing = 0;
		};
/* End PBXResourcesBuildPhase section */

/* Begin PBXShellScriptBuildPhase section */
		0BB7995A696D5596685CF6DF /* Embed Pods Frameworks */ = {
			isa = PBXShellScriptBuildPhase;
			buildActionMask = 2147483647;
			files = (
			);
			inputPaths = (
			);
			name = "Embed Pods Frameworks";
			outputPaths = (
			);
			runOnlyForDeploymentPostprocessing = 0;
			shellPath = /bin/sh;
			shellScript = "\"${SRCROOT}/Pods/Target Support Files/Pods/Pods-frameworks.sh\"\n";
			showEnvVarsInLog = 0;
		};
		1E648E7FA4C4E8A316D901AA /* Copy Pods Resources */ = {
			isa = PBXShellScriptBuildPhase;
			buildActionMask = 2147483647;
			files = (
			);
			inputPaths = (
			);
			name = "Copy Pods Resources";
			outputPaths = (
			);
			runOnlyForDeploymentPostprocessing = 0;
			shellPath = /bin/sh;
			shellScript = "\"${SRCROOT}/Pods/Target Support Files/Pods/Pods-resources.sh\"\n";
			showEnvVarsInLog = 0;
		};
		98672905954E15F63B2E66FA /* Check Pods Manifest.lock */ = {
			isa = PBXShellScriptBuildPhase;
			buildActionMask = 2147483647;
			files = (
			);
			inputPaths = (
			);
			name = "Check Pods Manifest.lock";
			outputPaths = (
			);
			runOnlyForDeploymentPostprocessing = 0;
			shellPath = /bin/sh;
			shellScript = "diff \"${PODS_ROOT}/../Podfile.lock\" \"${PODS_ROOT}/Manifest.lock\" > /dev/null\nif [[ $? != 0 ]] ; then\n    cat << EOM\nerror: The sandbox is not in sync with the Podfile.lock. Run 'pod install' or update your CocoaPods installation.\nEOM\n    exit 1\nfi\n";
			showEnvVarsInLog = 0;
		};
/* End PBXShellScriptBuildPhase section */

/* Begin PBXSourcesBuildPhase section */
		613C3C1F1BC6FFE700C0F4EA /* Sources */ = {
			isa = PBXSourcesBuildPhase;
			buildActionMask = 2147483647;
			files = (
				613C3C291BC6FFE700C0F4EA /* ViewController.swift in Sources */,
				61F3B1761BC791D4009CA590 /* UIKit+ReactiveExtensions.swift in Sources */,
				613C3C271BC6FFE700C0F4EA /* AppDelegate.swift in Sources */,
				61F3B1721BC756BE009CA590 /* APIClient.swift in Sources */,
				61F3B1741BC76007009CA590 /* RACViewController.swift in Sources */,
			);
			runOnlyForDeploymentPostprocessing = 0;
		};
/* End PBXSourcesBuildPhase section */

/* Begin PBXVariantGroup section */
		613C3C2A1BC6FFE700C0F4EA /* Main.storyboard */ = {
			isa = PBXVariantGroup;
			children = (
				613C3C2B1BC6FFE700C0F4EA /* Base */,
			);
			name = Main.storyboard;
			sourceTree = "<group>";
		};
		613C3C2F1BC6FFE700C0F4EA /* LaunchScreen.storyboard */ = {
			isa = PBXVariantGroup;
			children = (
				613C3C301BC6FFE700C0F4EA /* Base */,
			);
			name = LaunchScreen.storyboard;
			sourceTree = "<group>";
		};
/* End PBXVariantGroup section */

/* Begin XCBuildConfiguration section */
		613C3C331BC6FFE700C0F4EA /* Debug */ = {
			isa = XCBuildConfiguration;
			buildSettings = {
				ALWAYS_SEARCH_USER_PATHS = NO;
				CLANG_CXX_LANGUAGE_STANDARD = "gnu++0x";
				CLANG_CXX_LIBRARY = "libc++";
				CLANG_ENABLE_MODULES = YES;
				CLANG_ENABLE_OBJC_ARC = YES;
				CLANG_WARN_BOOL_CONVERSION = YES;
				CLANG_WARN_CONSTANT_CONVERSION = YES;
				CLANG_WARN_DIRECT_OBJC_ISA_USAGE = YES_ERROR;
				CLANG_WARN_EMPTY_BODY = YES;
				CLANG_WARN_ENUM_CONVERSION = YES;
				CLANG_WARN_INT_CONVERSION = YES;
				CLANG_WARN_OBJC_ROOT_CLASS = YES_ERROR;
				CLANG_WARN_UNREACHABLE_CODE = YES;
				CLANG_WARN__DUPLICATE_METHOD_MATCH = YES;
				"CODE_SIGN_IDENTITY[sdk=iphoneos*]" = "iPhone Developer";
				COPY_PHASE_STRIP = NO;
				DEBUG_INFORMATION_FORMAT = dwarf;
				ENABLE_STRICT_OBJC_MSGSEND = YES;
				ENABLE_TESTABILITY = YES;
				GCC_C_LANGUAGE_STANDARD = gnu99;
				GCC_DYNAMIC_NO_PIC = NO;
				GCC_NO_COMMON_BLOCKS = YES;
				GCC_OPTIMIZATION_LEVEL = 0;
				GCC_PREPROCESSOR_DEFINITIONS = (
					"DEBUG=1",
					"$(inherited)",
				);
				GCC_WARN_64_TO_32_BIT_CONVERSION = YES;
				GCC_WARN_ABOUT_RETURN_TYPE = YES_ERROR;
				GCC_WARN_UNDECLARED_SELECTOR = YES;
				GCC_WARN_UNINITIALIZED_AUTOS = YES_AGGRESSIVE;
				GCC_WARN_UNUSED_FUNCTION = YES;
				GCC_WARN_UNUSED_VARIABLE = YES;
				IPHONEOS_DEPLOYMENT_TARGET = 9.0;
				MTL_ENABLE_DEBUG_INFO = YES;
				ONLY_ACTIVE_ARCH = YES;
				SDKROOT = iphoneos;
				SWIFT_OPTIMIZATION_LEVEL = "-Onone";
			};
			name = Debug;
		};
		613C3C341BC6FFE700C0F4EA /* Release */ = {
			isa = XCBuildConfiguration;
			buildSettings = {
				ALWAYS_SEARCH_USER_PATHS = NO;
				CLANG_CXX_LANGUAGE_STANDARD = "gnu++0x";
				CLANG_CXX_LIBRARY = "libc++";
				CLANG_ENABLE_MODULES = YES;
				CLANG_ENABLE_OBJC_ARC = YES;
				CLANG_WARN_BOOL_CONVERSION = YES;
				CLANG_WARN_CONSTANT_CONVERSION = YES;
				CLANG_WARN_DIRECT_OBJC_ISA_USAGE = YES_ERROR;
				CLANG_WARN_EMPTY_BODY = YES;
				CLANG_WARN_ENUM_CONVERSION = YES;
				CLANG_WARN_INT_CONVERSION = YES;
				CLANG_WARN_OBJC_ROOT_CLASS = YES_ERROR;
				CLANG_WARN_UNREACHABLE_CODE = YES;
				CLANG_WARN__DUPLICATE_METHOD_MATCH = YES;
				"CODE_SIGN_IDENTITY[sdk=iphoneos*]" = "iPhone Developer";
				COPY_PHASE_STRIP = NO;
				DEBUG_INFORMATION_FORMAT = "dwarf-with-dsym";
				ENABLE_NS_ASSERTIONS = NO;
				ENABLE_STRICT_OBJC_MSGSEND = YES;
				GCC_C_LANGUAGE_STANDARD = gnu99;
				GCC_NO_COMMON_BLOCKS = YES;
				GCC_WARN_64_TO_32_BIT_CONVERSION = YES;
				GCC_WARN_ABOUT_RETURN_TYPE = YES_ERROR;
				GCC_WARN_UNDECLARED_SELECTOR = YES;
				GCC_WARN_UNINITIALIZED_AUTOS = YES_AGGRESSIVE;
				GCC_WARN_UNUSED_FUNCTION = YES;
				GCC_WARN_UNUSED_VARIABLE = YES;
				IPHONEOS_DEPLOYMENT_TARGET = 9.0;
				MTL_ENABLE_DEBUG_INFO = NO;
				SDKROOT = iphoneos;
				VALIDATE_PRODUCT = YES;
			};
			name = Release;
		};
		613C3C361BC6FFE700C0F4EA /* Debug */ = {
			isa = XCBuildConfiguration;
			baseConfigurationReference = BBB40231D7CF3C14527B3465 /* Pods.debug.xcconfig */;
			buildSettings = {
				ASSETCATALOG_COMPILER_APPICON_NAME = AppIcon;
				INFOPLIST_FILE = RACSignUp/Info.plist;
				LD_RUNPATH_SEARCH_PATHS = "$(inherited) @executable_path/Frameworks";
				PRODUCT_BUNDLE_IDENTIFIER = "com.Pendar-Labs.RACSignUp";
				PRODUCT_NAME = "$(TARGET_NAME)";
			};
			name = Debug;
		};
		613C3C371BC6FFE700C0F4EA /* Release */ = {
			isa = XCBuildConfiguration;
			baseConfigurationReference = 0EB7F41E7ABD32DEBD915D21 /* Pods.release.xcconfig */;
			buildSettings = {
				ASSETCATALOG_COMPILER_APPICON_NAME = AppIcon;
				INFOPLIST_FILE = RACSignUp/Info.plist;
				LD_RUNPATH_SEARCH_PATHS = "$(inherited) @executable_path/Frameworks";
				PRODUCT_BUNDLE_IDENTIFIER = "com.Pendar-Labs.RACSignUp";
				PRODUCT_NAME = "$(TARGET_NAME)";
			};
			name = Release;
		};
/* End XCBuildConfiguration section */

/* Begin XCConfigurationList section */
		613C3C1E1BC6FFE700C0F4EA /* Build configuration list for PBXProject "RACSignUp" */ = {
			isa = XCConfigurationList;
			buildConfigurations = (
				613C3C331BC6FFE700C0F4EA /* Debug */,
				613C3C341BC6FFE700C0F4EA /* Release */,
			);
			defaultConfigurationIsVisible = 0;
			defaultConfigurationName = Release;
		};
		613C3C351BC6FFE700C0F4EA /* Build configuration list for PBXNativeTarget "RACSignUp" */ = {
			isa = XCConfigurationList;
			buildConfigurations = (
				613C3C361BC6FFE700C0F4EA /* Debug */,
				613C3C371BC6FFE700C0F4EA /* Release */,
			);
			defaultConfigurationIsVisible = 0;
			defaultConfigurationName = Release;
		};
/* End XCConfigurationList section */
	};
	rootObject = 613C3C1B1BC6FFE700C0F4EA /* Project object */;
}
